
Microsoft Visual Studio Solution File, Format Version 12.00
# Visual Studio Version 16
VisualStudioVersion = 16.0.30523.141
MinimumVisualStudioVersion = 10.0.40219.1
Project("{FAE04EC0-301F-11D3-BF4B-00C04F79EFBC}") = "BowlingClassLibrary", "BowlingClassLibrary\BowlingClassLibrary.csproj", "{321FA2DB-F5B5-4EF9-9545-428A0332235D}"
EndProject
Project("{FAE04EC0-301F-11D3-BF4B-00C04F79EFBC}") = "BowlingClassLibrary.UnitTests", "BowlingClassLibrary.UnitTests\BowlingClassLibrary.UnitTests.csproj", "{F2F2BA76-C0E6-43FC-B036-C0AE6E2578EE}"
EndProject
Global
	GlobalSection(SolutionConfigurationPlatforms) = preSolution
		Debug|Any CPU = Debug|Any CPU
		Release|Any CPU = Release|Any CPU
	EndGlobalSection
	GlobalSection(ProjectConfigurationPlatforms) = postSolution
		{321FA2DB-F5B5-4EF9-9545-428A0332235D}.Debug|Any CPU.ActiveCfg = Debug|Any CPU
		{321FA2DB-F5B5-4EF9-9545-428A0332235D}.Debug|Any CPU.Build.0 = Debug|Any CPU
		{321FA2DB-F5B5-4EF9-9545-428A0332235D}.Release|Any CPU.ActiveCfg = Release|Any CPU
		{321FA2DB-F5B5-4EF9-9545-428A0332235D}.Release|Any CPU.Build.0 = Release|Any CPU
		{F2F2BA76-C0E6-43FC-B036-C0AE6E2578EE}.Debug|Any CPU.ActiveCfg = Debug|Any CPU
		{F2F2BA76-C0E6-43FC-B036-C0AE6E2578EE}.Debug|Any CPU.Build.0 = Debug|Any CPU
		{F2F2BA76-C0E6-43FC-B036-C0AE6E2578EE}.Release|Any CPU.ActiveCfg = Release|Any CPU
		{F2F2BA76-C0E6-43FC-B036-C0AE6E2578EE}.Release|Any CPU.Build.0 = Release|Any CPU
	EndGlobalSection
	GlobalSection(SolutionProperties) = preSolution
		HideSolutionNode = FALSE
	EndGlobalSection
	GlobalSection(ExtensibilityGlobals) = postSolution
		SolutionGuid = {3D449251-5A60-4E29-89AA-301CC207F457}
	EndGlobalSection
EndGlobal
